
Microsoft Visual Studio Solution File, Format Version 12.00
# Visual Studio Version 17
VisualStudioVersion = 17.7.34202.233
MinimumVisualStudioVersion = 10.0.40219.1
Project("{FAE04EC0-301F-11D3-BF4B-00C04F79EFBC}") = "Boxing & Unboxing", "Boxing & Unboxing\Boxing & Unboxing.csproj", "{BC5B2E21-F785-49D4-82CE-707C2DAB5047}"
EndProject
Global
	GlobalSection(SolutionConfigurationPlatforms) = preSolution
		Debug|Any CPU = Debug|Any CPU
		Release|Any CPU = Release|Any CPU
	EndGlobalSection
	GlobalSection(ProjectConfigurationPlatforms) = postSolution
		{BC5B2E21-F785-49D4-82CE-707C2DAB5047}.Debug|Any CPU.ActiveCfg = Debug|Any CPU
		{BC5B2E21-F785-49D4-82CE-707C2DAB5047}.Debug|Any CPU.Build.0 = Debug|Any CPU
		{BC5B2E21-F785-49D4-82CE-707C2DAB5047}.Release|Any CPU.ActiveCfg = Release|Any CPU
		{BC5B2E21-F785-49D4-82CE-707C2DAB5047}.Release|Any CPU.Build.0 = Release|Any CPU
	EndGlobalSection
	GlobalSection(SolutionProperties) = preSolution
		HideSolutionNode = FALSE
	EndGlobalSection
	GlobalSection(ExtensibilityGlobals) = postSolution
		SolutionGuid = {C5EC3F13-E665-4B6A-8B4F-85073DAD9F98}
	EndGlobalSection
EndGlobal
